
Microsoft Visual Studio Solution File, Format Version 12.00
# Visual Studio Version 17
VisualStudioVersion = 17.11.35222.181
MinimumVisualStudioVersion = 10.0.40219.1
Project("{FAE04EC0-301F-11D3-BF4B-00C04F79EFBC}") = "Maze_NS", "Maze_NS\Maze_NS.csproj", "{EF7F88E8-7A82-4434-8A3B-159C7ED5970A}"
EndProject
Global
	GlobalSection(SolutionConfigurationPlatforms) = preSolution
		Debug|Any CPU = Debug|Any CPU
		Release|Any CPU = Release|Any CPU
	EndGlobalSection
	GlobalSection(ProjectConfigurationPlatforms) = postSolution
		{EF7F88E8-7A82-4434-8A3B-159C7ED5970A}.Debug|Any CPU.ActiveCfg = Debug|Any CPU
		{EF7F88E8-7A82-4434-8A3B-159C7ED5970A}.Debug|Any CPU.Build.0 = Debug|Any CPU
		{EF7F88E8-7A82-4434-8A3B-159C7ED5970A}.Release|Any CPU.ActiveCfg = Release|Any CPU
		{EF7F88E8-7A82-4434-8A3B-159C7ED5970A}.Release|Any CPU.Build.0 = Release|Any CPU
	EndGlobalSection
	GlobalSection(SolutionProperties) = preSolution
		HideSolutionNode = FALSE
	EndGlobalSection
	GlobalSection(ExtensibilityGlobals) = postSolution
		SolutionGuid = {F61C1070-5542-4D23-8EDB-CBE4CF72C510}
	EndGlobalSection
EndGlobal
